{
  "requires": true,
  "lockfileVersion": 1,
  "dependencies": {
    "esbuild": {
      "version": "0.6.22",
      "resolved": "https://registry.npmjs.org/esbuild/-/esbuild-0.6.22.tgz",
      "integrity": "sha512-dgcdoOZ7rghMageuGFS6geQ77UacoZ/qrd0MRc2iPnYtMNfQ1cJ7mVkotVpUDJYdOWvLVa87NFEtqPg7D2mKSA=="
    },
    "esbuild-svelte": {
      "version": "0.0.2",
      "resolved": "https://registry.npmjs.org/esbuild-svelte/-/esbuild-svelte-0.0.2.tgz",
      "integrity": "sha512-9mkud2cf1qA+nrVtede2De0vtjMb6Ff/CVSgQX4jRln+taJIb6LTmNkKKD9L9fhJG4wZVyHIOIYzkw5O1BVCtg==",
      "requires": {
        "svelte": "^3.24.0"
      }
    },
    "svelte": {
      "version": "3.24.1",
      "resolved": "https://registry.npmjs.org/svelte/-/svelte-3.24.1.tgz",
      "integrity": "sha512-OX/IBVUJSFo1rnznXdwf9rv6LReJ3qQ0PwRjj76vfUWyTfbHbR9OXqJBnUrpjyis2dwYcbT2Zm1DFjOOF1ZbbQ=="
    }
  }
}
