{
  "requires": true,
  "lockfileVersion": 1,
  "dependencies": {
    "esbuild": {
      "version": "0.6.16",
      "resolved": "https://registry.npmjs.org/esbuild/-/esbuild-0.6.16.tgz",
      "integrity": "sha512-Jm4aJYAk4uBP2RssDe/rvYCrpGkfOJ5tPBZUF6da62pUtyzk8/RVwXZB4q8dxjYLKZNmY4lYJRpWY+wT3kme1w=="
    },
    "esbuild-svelte": {
      "version": "0.0.1",
      "resolved": "https://registry.npmjs.org/esbuild-svelte/-/esbuild-svelte-0.0.1.tgz",
      "integrity": "sha512-+ZaEl9ARFegrPnlB1G+v6iybjgfeOODp372kmIFcpbQ6Ygqf3SC8z83jaZr+UkLJI5kdAJREzaVQTZzdvz11qg==",
      "requires": {
        "esbuild": "0.6.x",
        "svelte": "^3.24.0"
      }
    },
    "svelte": {
      "version": "3.24.0",
      "resolved": "https://registry.npmjs.org/svelte/-/svelte-3.24.0.tgz",
      "integrity": "sha512-VFXom6EP2DK83kxy4ZlBbaZklSbZIrpNH3oNXlPYHJUuW4q1OuAr3ZoYbfIVTVYPDgrI7Yq0gQcOhDlAtO4qfw=="
    }
  }
}
