{
  "requires": true,
  "lockfileVersion": 1,
  "dependencies": {
    "esbuild": {
      "version": "0.8.1",
      "resolved": "https://registry.npmjs.org/esbuild/-/esbuild-0.8.1.tgz",
      "integrity": "sha512-izduJqbu66nHek4Rw+4WyZZoo66LMds9Fx5Z1gZDAY0hEyTpL6fRjN7WrQANLZCXEYObjW36Ra5vLA9Zs9QHvg=="
    },
    "esbuild-svelte": {
      "version": "0.0.4",
      "resolved": "https://registry.npmjs.org/esbuild-svelte/-/esbuild-svelte-0.0.4.tgz",
      "integrity": "sha512-YUkDsjRG94LttNluW5PB12Cv8DIRcEBKq4nOJAdL41Bsl0PjVjJJX1R7Os16cfMEjCs4cxUAwb4rlsgQRB61sw==",
      "requires": {
        "svelte": "^3.29.4"
      }
    },
    "svelte": {
      "version": "3.29.4",
      "resolved": "https://registry.npmjs.org/svelte/-/svelte-3.29.4.tgz",
      "integrity": "sha512-oW0fGHlyFFMvzRtIvOs84b0fOc0gmZNQcL5Is3hxuTpvaYX3pfd8oHy4KnOvbq4Ca6SG6AHdRMk7OhApTo0NqA=="
    }
  }
}
