{
  "name": "esbuild-svelte",
  "version": "0.5.1",
  "lockfileVersion": 1,
  "requires": true,
  "dependencies": {
    "@types/node": {
      "version": "14.17.4",
      "resolved": "https://registry.npmjs.org/@types/node/-/node-14.17.4.tgz",
      "integrity": "sha512-8kQ3+wKGRNN0ghtEn7EGps/B8CzuBz1nXZEIGGLP2GnwbqYn4dbTs7k+VKLTq1HvZLRCIDtN3Snx1Ege8B7L5A==",
      "dev": true
    },
    "esbuild": {
      "version": "0.12.10",
      "resolved": "https://registry.npmjs.org/esbuild/-/esbuild-0.12.10.tgz",
      "integrity": "sha512-KTZ84HqvKL1V76cVwv5W2/es+Bhdv8O9DYRKhJ0wHf1d2iLH6WEGX0zh7W+UzniWnZbUZg2c7GsdH2aWeFsfzQ==",
      "dev": true
    },
    "rewrite-imports": {
      "version": "3.0.0",
      "resolved": "https://registry.npmjs.org/rewrite-imports/-/rewrite-imports-3.0.0.tgz",
      "integrity": "sha512-RClzg1cUfYLYkQadcrjgih8+CqJDKOP3OIWGkFE+e5n71085QnOwghzLPonEe1gG6iblCVJ8lHGFtd+n8wj3Hg==",
      "dev": true
    },
    "svelte": {
      "version": "3.38.3",
      "resolved": "https://registry.npmjs.org/svelte/-/svelte-3.38.3.tgz",
      "integrity": "sha512-N7bBZJH0iF24wsalFZF+fVYMUOigaAUQMIcEKHO3jstK/iL8VmP9xE+P0/a76+FkNcWt+TDv2Gx1taUoUscrvw=="
    },
    "typescript": {
      "version": "4.3.4",
      "resolved": "https://registry.npmjs.org/typescript/-/typescript-4.3.4.tgz",
      "integrity": "sha512-uauPG7XZn9F/mo+7MrsRjyvbxFpzemRjKEZXS4AK83oP2KKOJPvb+9cO/gmnv8arWZvhnjVOXz7B49m1l0e9Ew==",
      "dev": true
    }
  }
}
