{
  "name": "esbuild-svelte",
  "version": "0.5.0",
  "lockfileVersion": 1,
  "requires": true,
  "dependencies": {
    "@types/node": {
      "version": "14.14.43",
      "resolved": "https://registry.npmjs.org/@types/node/-/node-14.14.43.tgz",
      "integrity": "sha512-3pwDJjp1PWacPTpH0LcfhgjvurQvrZFBrC6xxjaUEZ7ifUtT32jtjPxEMMblpqd2Mvx+k8haqQJLQxolyGN/cQ==",
      "dev": true
    },
    "esbuild": {
      "version": "0.11.16",
      "resolved": "https://registry.npmjs.org/esbuild/-/esbuild-0.11.16.tgz",
      "integrity": "sha512-34ZWjo4ouvM5cDe7uRoM9GFuMyEmpH9fnVYmomvS1cq9ED9d/0ZG1r+p4P2VbX7ihjv36zA2SWTmP8Zmt/EANA==",
      "dev": true
    },
    "rewrite-imports": {
      "version": "2.0.3",
      "resolved": "https://registry.npmjs.org/rewrite-imports/-/rewrite-imports-2.0.3.tgz",
      "integrity": "sha512-R7ICJEeP3y+d/q4C8YEJj9nRP0JyiSqG07uc0oQh8JvAe706dDFVL95GBZYCjADqmhArZWWjfM/5EcmVu4/B+g==",
      "dev": true
    },
    "svelte": {
      "version": "3.38.0",
      "resolved": "https://registry.npmjs.org/svelte/-/svelte-3.38.0.tgz",
      "integrity": "sha512-V0CbyzvXEka7zQtRYt++cpPh0zxxDUTIeNlq4KncGXn2qHnQFZ2i4L4+2QOfLwOudb9cewJeegupBQcscnBaaA=="
    },
    "typescript": {
      "version": "4.2.4",
      "resolved": "https://registry.npmjs.org/typescript/-/typescript-4.2.4.tgz",
      "integrity": "sha512-V+evlYHZnQkaz8TRBuxTA92yZBPotr5H+WhQ7bD3hZUndx5tGOa1fuCgeSjxAzM1RiN5IzvadIXTVefuuwZCRg==",
      "dev": true
    }
  }
}
