{
  "name": "esbuild-svelte",
  "version": "0.3.0",
  "lockfileVersion": 1,
  "requires": true,
  "dependencies": {
    "@types/node": {
      "version": "14.14.9",
      "resolved": "https://registry.npmjs.org/@types/node/-/node-14.14.9.tgz",
      "integrity": "sha512-JsoLXFppG62tWTklIoO4knA+oDTYsmqWxHRvd4lpmfQRNhX6osheUOWETP2jMoV/2bEHuMra8Pp3Dmo/stBFcw==",
      "dev": true
    },
    "esbuild": {
      "version": "0.8.12",
      "resolved": "https://registry.npmjs.org/esbuild/-/esbuild-0.8.12.tgz",
      "integrity": "sha512-SWCUodYFOkKcu2Jbum12NbD98MoQq2EWWvHfQtpR2C9RkPzRr1BE4cavYjQpQV01hBR19UAftXl0TVLjka/i3Q==",
      "dev": true
    },
    "svelte": {
      "version": "3.29.7",
      "resolved": "https://registry.npmjs.org/svelte/-/svelte-3.29.7.tgz",
      "integrity": "sha512-rx0g311kBODvEWUU01DFBUl3MJuJven04bvTVFUG/w0On/wuj0PajQY/QlXcJndFxG+W1s8iXKaB418tdHWc3A=="
    },
    "typescript": {
      "version": "4.1.2",
      "resolved": "https://registry.npmjs.org/typescript/-/typescript-4.1.2.tgz",
      "integrity": "sha512-thGloWsGH3SOxv1SoY7QojKi0tc+8FnOmiarEGMbd/lar7QOEd3hvlx3Fp5y6FlDUGl9L+pd4n2e+oToGMmhRQ==",
      "dev": true
    }
  }
}
